
Microsoft Visual Studio Solution File, Format Version 12.00
# Visual Studio Version 17
VisualStudioVersion = 17.14.36518.9 d17.14
MinimumVisualStudioVersion = 10.0.40219.1
Project("{FAE04EC0-301F-11D3-BF4B-00C04F79EFBC}") = "testeMVC", "testeMVC.csproj", "{A1E7C9AE-0CF9-44BF-A34D-490E354DF5B0}"
EndProject
Global
	GlobalSection(SolutionConfigurationPlatforms) = preSolution
		Debug|Any CPU = Debug|Any CPU
		Release|Any CPU = Release|Any CPU
	EndGlobalSection
	GlobalSection(ProjectConfigurationPlatforms) = postSolution
		{A1E7C9AE-0CF9-44BF-A34D-490E354DF5B0}.Debug|Any CPU.ActiveCfg = Debug|Any CPU
		{A1E7C9AE-0CF9-44BF-A34D-490E354DF5B0}.Debug|Any CPU.Build.0 = Debug|Any CPU
		{A1E7C9AE-0CF9-44BF-A34D-490E354DF5B0}.Release|Any CPU.ActiveCfg = Release|Any CPU
		{A1E7C9AE-0CF9-44BF-A34D-490E354DF5B0}.Release|Any CPU.Build.0 = Release|Any CPU
	EndGlobalSection
	GlobalSection(SolutionProperties) = preSolution
		HideSolutionNode = FALSE
	EndGlobalSection
	GlobalSection(ExtensibilityGlobals) = postSolution
		SolutionGuid = {54778F60-3EF8-4CF8-8277-9C455CC57113}
	EndGlobalSection
EndGlobal
